schema: '2.0'
stages:
  data_collection:
    cmd: python3 src/data/data_collection.py
    deps:
    - path: src/data/data_collection.py
      hash: md5
      md5: 67c8e965dd7bdb18b24c2b507686b52e
      size: 2070
    params:
      params.yaml:
        data_collection.test_size: 0.2
    outs:
    - path: data/raw
      hash: md5
      md5: 6943e655800134f51910892c621c7b98.dir
      size: 518984
      nfiles: 2
  pre_preprocessing:
    cmd: python3 src/data/data_prep.py
    deps:
    - path: data/raw
      hash: md5
      md5: 6943e655800134f51910892c621c7b98.dir
      size: 518984
      nfiles: 2
    - path: src/data/data_prep.py
      hash: md5
      md5: 355c6bbc6be5d75d7fd864ec2b6ba41f
      size: 1992
    outs:
    - path: data/processed
      hash: md5
      md5: 2c52ed0bbf4910ed2d0cf179153ea4f2.dir
      size: 543617
      nfiles: 2
  model_building:
    cmd: python3 src/model/model_building.py
    deps:
    - path: data/processed
      hash: md5
      md5: 2c52ed0bbf4910ed2d0cf179153ea4f2.dir
      size: 543617
      nfiles: 2
    - path: src/model/model_building.py
      hash: md5
      md5: 4ad6cba78e32b965cb6f3347646f1b87
      size: 2305
    params:
      params.yaml:
        model_building.n_estimators: 3000
    outs:
    - path: models/model.pkl
      hash: md5
      md5: 2e3759aef7d35b3a8e96366a87d66c58
      size: 220828426
  model_eval:
    cmd: python3 src/model/model_eval.py
    deps:
    - path: models/model.pkl
      hash: md5
      md5: 2e3759aef7d35b3a8e96366a87d66c58
      size: 220828426
    - path: src/model/model_eval.py
      hash: md5
      md5: 8eceafb84708b37d5a786003a1982b9c
      size: 2370
    outs:
    - path: reports/metrics.json
      hash: md5
      md5: 8d5d228f728e9c398a32a488381c7139
      size: 129
