schema: '2.0'
stages:
  data_collection:
    cmd: python3 src/data/data_collection.py
    deps:
    - path: src/data/data_collection.py
      hash: md5
      md5: 67c8e965dd7bdb18b24c2b507686b52e
      size: 2070
    params:
      params.yaml:
        data_collection.test_size: 0.2
    outs:
    - path: data/raw
      hash: md5
      md5: 6943e655800134f51910892c621c7b98.dir
      size: 518984
      nfiles: 2
  pre_preprocessing:
    cmd: python3 src/data/data_prep.py
    deps:
    - path: data/raw
      hash: md5
      md5: 6943e655800134f51910892c621c7b98.dir
      size: 518984
      nfiles: 2
    - path: src/data/data_prep.py
      hash: md5
      md5: c9462524e6342f59c204066a1eb19fd2
      size: 1984
    outs:
    - path: data/processed
      hash: md5
      md5: ab0f4e91ee8198cce883bcafefe81fbd.dir
      size: 542859
      nfiles: 2
  model_building:
    cmd: python3 src/model/model_building.py
    deps:
    - path: data/processed
      hash: md5
      md5: ab0f4e91ee8198cce883bcafefe81fbd.dir
      size: 542859
      nfiles: 2
    - path: src/model/model_building.py
      hash: md5
      md5: bf4e27373f33be7af311b03f17bd6472
      size: 2300
    params:
      params.yaml:
        model_building.n_estimators: 2000
    outs:
    - path: models/model.pkl
      hash: md5
      md5: 29f5c727643c446977684a5fc2b98b52
      size: 147365062
  model_eval:
    cmd: python3 src/model/model_eval.py
    deps:
    - path: models/model.pkl
      hash: md5
      md5: 29f5c727643c446977684a5fc2b98b52
      size: 147365062
    - path: src/model/model_eval.py
      hash: md5
      md5: 57212ce4ef1e1d221c51631bdc5deb9e
      size: 2361
    outs:
    - path: reports/metrics.json
      hash: md5
      md5: 333048cc37b07bb91d057336c0bb0b8c
      size: 141
